
Microsoft Visual Studio Solution File, Format Version 12.00
# Visual Studio Version 17
VisualStudioVersion = 17.9.34728.123
MinimumVisualStudioVersion = 10.0.40219.1
Project("{FAE04EC0-301F-11D3-BF4B-00C04F79EFBC}") = "Assignment5.3.2", "Assignment5.3.2.csproj", "{4BD7D8F5-B734-482B-B4ED-A255A39D8902}"
EndProject
Global
	GlobalSection(SolutionConfigurationPlatforms) = preSolution
		Debug|Any CPU = Debug|Any CPU
		Release|Any CPU = Release|Any CPU
	EndGlobalSection
	GlobalSection(ProjectConfigurationPlatforms) = postSolution
		{4BD7D8F5-B734-482B-B4ED-A255A39D8902}.Debug|Any CPU.ActiveCfg = Debug|Any CPU
		{4BD7D8F5-B734-482B-B4ED-A255A39D8902}.Debug|Any CPU.Build.0 = Debug|Any CPU
		{4BD7D8F5-B734-482B-B4ED-A255A39D8902}.Release|Any CPU.ActiveCfg = Release|Any CPU
		{4BD7D8F5-B734-482B-B4ED-A255A39D8902}.Release|Any CPU.Build.0 = Release|Any CPU
	EndGlobalSection
	GlobalSection(SolutionProperties) = preSolution
		HideSolutionNode = FALSE
	EndGlobalSection
	GlobalSection(ExtensibilityGlobals) = postSolution
		SolutionGuid = {395A674B-22DC-4AE8-AD74-1E091A8275DB}
	EndGlobalSection
EndGlobal
